
Microsoft Visual Studio Solution File, Format Version 12.00
# Visual Studio 15
VisualStudioVersion = 15.0.28307.106
MinimumVisualStudioVersion = 10.0.40219.1
Project("{FAE04EC0-301F-11D3-BF4B-00C04F79EFBC}") = "WPF_NET_Project", "WPF_NET_Project\WPF_NET_Project.csproj", "{AC280055-F0C6-4455-86E2-DB94AFA275E9}"
EndProject
Project("{FAE04EC0-301F-11D3-BF4B-00C04F79EFBC}") = "Console_NET_Project", "Console_NET_Project\Console_NET_Project.csproj", "{C70C78D7-F304-4385-A796-C60B5E742300}"
EndProject
Project("{FAE04EC0-301F-11D3-BF4B-00C04F79EFBC}") = "DLL_Library_NET_Project", "DLL_Library_NET_Project\DLL_Library_NET_Project.csproj", "{C4C48ADB-FDB5-499A-9E98-2A76B992E460}"
EndProject
Global
	GlobalSection(SolutionConfigurationPlatforms) = preSolution
		Debug|Any CPU = Debug|Any CPU
		Release|Any CPU = Release|Any CPU
	EndGlobalSection
	GlobalSection(ProjectConfigurationPlatforms) = postSolution
		{AC280055-F0C6-4455-86E2-DB94AFA275E9}.Debug|Any CPU.ActiveCfg = Debug|Any CPU
		{AC280055-F0C6-4455-86E2-DB94AFA275E9}.Debug|Any CPU.Build.0 = Debug|Any CPU
		{AC280055-F0C6-4455-86E2-DB94AFA275E9}.Release|Any CPU.ActiveCfg = Release|Any CPU
		{AC280055-F0C6-4455-86E2-DB94AFA275E9}.Release|Any CPU.Build.0 = Release|Any CPU
		{C70C78D7-F304-4385-A796-C60B5E742300}.Debug|Any CPU.ActiveCfg = Debug|Any CPU
		{C70C78D7-F304-4385-A796-C60B5E742300}.Debug|Any CPU.Build.0 = Debug|Any CPU
		{C70C78D7-F304-4385-A796-C60B5E742300}.Release|Any CPU.ActiveCfg = Release|Any CPU
		{C70C78D7-F304-4385-A796-C60B5E742300}.Release|Any CPU.Build.0 = Release|Any CPU
		{C4C48ADB-FDB5-499A-9E98-2A76B992E460}.Debug|Any CPU.ActiveCfg = Debug|Any CPU
		{C4C48ADB-FDB5-499A-9E98-2A76B992E460}.Debug|Any CPU.Build.0 = Debug|Any CPU
		{C4C48ADB-FDB5-499A-9E98-2A76B992E460}.Release|Any CPU.ActiveCfg = Release|Any CPU
		{C4C48ADB-FDB5-499A-9E98-2A76B992E460}.Release|Any CPU.Build.0 = Release|Any CPU
	EndGlobalSection
	GlobalSection(SolutionProperties) = preSolution
		HideSolutionNode = FALSE
	EndGlobalSection
	GlobalSection(ExtensibilityGlobals) = postSolution
		SolutionGuid = {A47E804D-2129-4A18-AF3D-54DB153376AA}
	EndGlobalSection
EndGlobal
